{
    "name": "localization",
    "lockfileVersion": 2,
    "requires": true,
    "packages": {
        "": {
            "dependencies": {
                "valve-kv": "^1.2.0"
            },
            "devDependencies": {
                "@types/node": "^14.14.32"
            }
        },
        "node_modules/@types/node": {
            "version": "14.14.32",
            "resolved": "https://registry.npmjs.org/@types/node/-/node-14.14.32.tgz",
            "integrity": "sha512-/Ctrftx/zp4m8JOujM5ZhwzlWLx22nbQJiVqz8/zE15gOeEW+uly3FSX4fGFpcfEvFzXcMCJwq9lGVWgyARXhg=="
        },
        "node_modules/valve-kv": {
            "version": "1.2.0",
            "resolved": "https://registry.npmjs.org/valve-kv/-/valve-kv-1.2.0.tgz",
            "integrity": "sha512-31IL4gc++Iv/fOMDYmvxAMlkY+8sQwei/GYDrAH2Ev1GtEsnmgl7EK8bKSlRtlka2adOC62d30dkMIeWuYMwww==",
            "dependencies": {
                "@types/node": "^14.14.21"
            }
        }
    },
    "dependencies": {
        "@types/node": {
            "version": "14.14.32",
            "resolved": "https://registry.npmjs.org/@types/node/-/node-14.14.32.tgz",
            "integrity": "sha512-/Ctrftx/zp4m8JOujM5ZhwzlWLx22nbQJiVqz8/zE15gOeEW+uly3FSX4fGFpcfEvFzXcMCJwq9lGVWgyARXhg=="
        },
        "valve-kv": {
            "version": "1.2.0",
            "resolved": "https://registry.npmjs.org/valve-kv/-/valve-kv-1.2.0.tgz",
            "integrity": "sha512-31IL4gc++Iv/fOMDYmvxAMlkY+8sQwei/GYDrAH2Ev1GtEsnmgl7EK8bKSlRtlka2adOC62d30dkMIeWuYMwww==",
            "requires": {
                "@types/node": "^14.14.21"
            }
        }
    }
}
